
Microsoft Visual Studio Solution File, Format Version 12.00
# Visual Studio Version 17
VisualStudioVersion = 17.9.34622.214
MinimumVisualStudioVersion = 10.0.40219.1
Project("{FAE04EC0-301F-11D3-BF4B-00C04F79EFBC}") = "PDFPrinterService", "PDFPrinterService\PDFPrinterService.csproj", "{618FD098-2709-4684-95F0-26C1C1872DB7}"
EndProject
Project("{54435603-DBB4-11D2-8724-00A0C9A8B90C}") = "PDFPrinterServiceSetup", "PDFPrinterServiceSetup\PDFPrinterServiceSetup.vdproj", "{918DFD09-01CA-49E2-8B57-1CDC23E6B223}"
EndProject
Global
	GlobalSection(SolutionConfigurationPlatforms) = preSolution
		Debug|Any CPU = Debug|Any CPU
		Release|Any CPU = Release|Any CPU
	EndGlobalSection
	GlobalSection(ProjectConfigurationPlatforms) = postSolution
		{618FD098-2709-4684-95F0-26C1C1872DB7}.Debug|Any CPU.ActiveCfg = Debug|Any CPU
		{618FD098-2709-4684-95F0-26C1C1872DB7}.Debug|Any CPU.Build.0 = Debug|Any CPU
		{618FD098-2709-4684-95F0-26C1C1872DB7}.Release|Any CPU.ActiveCfg = Release|Any CPU
		{618FD098-2709-4684-95F0-26C1C1872DB7}.Release|Any CPU.Build.0 = Release|Any CPU
		{918DFD09-01CA-49E2-8B57-1CDC23E6B223}.Debug|Any CPU.ActiveCfg = Debug
		{918DFD09-01CA-49E2-8B57-1CDC23E6B223}.Release|Any CPU.ActiveCfg = Release
	EndGlobalSection
	GlobalSection(SolutionProperties) = preSolution
		HideSolutionNode = FALSE
	EndGlobalSection
	GlobalSection(ExtensibilityGlobals) = postSolution
		SolutionGuid = {3BC6A66A-733F-4703-B701-F17BE21AEF34}
	EndGlobalSection
EndGlobal
